
Microsoft Visual Studio Solution File, Format Version 12.00
# Visual Studio Version 17
VisualStudioVersion = 17.0.31903.59
MinimumVisualStudioVersion = 10.0.40219.1
Project("{9A19103F-16F7-4668-BE54-9A1E7A4F7556}") = "LibraryManagementSystem.API", "LibraryManagementSystem.API\LibraryManagementSystem.API.csproj", "{D5534CA6-B6AE-4BE9-A6EB-4F7023B9DC21}"
EndProject
Project("{9A19103F-16F7-4668-BE54-9A1E7A4F7556}") = "LibraryManagementSystem.Core", "LibraryManagementSystem.Core\LibraryManagementSystem.Core.csproj", "{D9C7FC64-3DDE-4B32-A919-97982984D437}"
EndProject
Project("{9A19103F-16F7-4668-BE54-9A1E7A4F7556}") = "LibraryManagementSystem.Infrastructure", "LibraryManagementSystem.Infrastructure\LibraryManagementSystem.Infrastructure.csproj", "{D69C552C-6ECF-46BD-915A-EC5DD03A1EBA}"
EndProject
Project("{9A19103F-16F7-4668-BE54-9A1E7A4F7556}") = "LibraryManagementSystem.Application", "LibraryManagementSystem.Application\LibraryManagementSystem.Application.csproj", "{A9108627-707F-4FC1-9F40-A3F3907A256D}"
EndProject
Project("{2150E333-8FDC-42A3-9474-1A3956D46DE8}") = "Solution Items", "Solution Items", "{59971308-A541-4017-9524-3F6D2FFD6C2F}"
	ProjectSection(SolutionItems) = preProject
		readme.md = readme.md
	EndProjectSection
EndProject
Global
	GlobalSection(SolutionConfigurationPlatforms) = preSolution
		Debug|Any CPU = Debug|Any CPU
		Release|Any CPU = Release|Any CPU
	EndGlobalSection
	GlobalSection(ProjectConfigurationPlatforms) = postSolution
		{D5534CA6-B6AE-4BE9-A6EB-4F7023B9DC21}.Debug|Any CPU.ActiveCfg = Debug|Any CPU
		{D5534CA6-B6AE-4BE9-A6EB-4F7023B9DC21}.Debug|Any CPU.Build.0 = Debug|Any CPU
		{D5534CA6-B6AE-4BE9-A6EB-4F7023B9DC21}.Release|Any CPU.ActiveCfg = Release|Any CPU
		{D5534CA6-B6AE-4BE9-A6EB-4F7023B9DC21}.Release|Any CPU.Build.0 = Release|Any CPU
		{D9C7FC64-3DDE-4B32-A919-97982984D437}.Debug|Any CPU.ActiveCfg = Debug|Any CPU
		{D9C7FC64-3DDE-4B32-A919-97982984D437}.Debug|Any CPU.Build.0 = Debug|Any CPU
		{D9C7FC64-3DDE-4B32-A919-97982984D437}.Release|Any CPU.ActiveCfg = Release|Any CPU
		{D9C7FC64-3DDE-4B32-A919-97982984D437}.Release|Any CPU.Build.0 = Release|Any CPU
		{D69C552C-6ECF-46BD-915A-EC5DD03A1EBA}.Debug|Any CPU.ActiveCfg = Debug|Any CPU
		{D69C552C-6ECF-46BD-915A-EC5DD03A1EBA}.Debug|Any CPU.Build.0 = Debug|Any CPU
		{D69C552C-6ECF-46BD-915A-EC5DD03A1EBA}.Release|Any CPU.ActiveCfg = Release|Any CPU
		{D69C552C-6ECF-46BD-915A-EC5DD03A1EBA}.Release|Any CPU.Build.0 = Release|Any CPU
		{A9108627-707F-4FC1-9F40-A3F3907A256D}.Debug|Any CPU.ActiveCfg = Debug|Any CPU
		{A9108627-707F-4FC1-9F40-A3F3907A256D}.Debug|Any CPU.Build.0 = Debug|Any CPU
		{A9108627-707F-4FC1-9F40-A3F3907A256D}.Release|Any CPU.ActiveCfg = Release|Any CPU
		{A9108627-707F-4FC1-9F40-A3F3907A256D}.Release|Any CPU.Build.0 = Release|Any CPU
	EndGlobalSection
	GlobalSection(SolutionProperties) = preSolution
		HideSolutionNode = FALSE
	EndGlobalSection
	GlobalSection(ExtensibilityGlobals) = postSolution
		SolutionGuid = {B6749692-50D7-4935-8D42-F4CCE6AAD2B0}
	EndGlobalSection
EndGlobal
